{
  "version": "4",
  "remote": {
    "https://deno.land/std@0.204.0/assert/assert.ts": "9a97dad6d98c238938e7540736b826440ad8c1c1e54430ca4c4e623e585607ee",
    "https://deno.land/std@0.204.0/assert/assertion_error.ts": "4d0bde9b374dfbcbe8ac23f54f567b77024fb67dbb1906a852d67fe050d42f56",
    "https://deno.land/std@0.204.0/crypto/_fnv/fnv32.ts": "e4649dfdefc5c987ed53c3c25db62db771a06d9d1b9c36d2b5cf0853b8e82153",
    "https://deno.land/std@0.204.0/crypto/_fnv/fnv64.ts": "bfa0e4702061fdb490a14e6bf5f9168a22fb022b307c5723499469bfefca555e",
    "https://deno.land/std@0.204.0/crypto/_fnv/mod.ts": "f956a95f58910f223e420340b7404702ecd429603acd4491fa77af84f746040c",
    "https://deno.land/std@0.204.0/crypto/_fnv/util.ts": "accba12bfd80a352e32a872f87df2a195e75561f1b1304a4cb4f5a4648d288f9",
    "https://deno.land/std@0.204.0/crypto/_wasm/lib/deno_std_wasm_crypto.generated.mjs": "e0e4f9952f7ad3cbcc63a04e49865e7f6355cb830c593c3f5a3fc731bebbfa7d",
    "https://deno.land/std@0.204.0/crypto/_wasm/mod.ts": "c4386f0ee80968faa82079cc21066aba2147bd6ca74ae45f1478fca7dbca804a",
    "https://deno.land/std@0.204.0/crypto/crypto.ts": "e040c130e22b6c8b416bf4073be1cc94c53c57a2a29f75ce8c29c37745d13cc3",
    "https://deno.land/std@0.204.0/crypto/keystack.ts": "cec9ddf60e0c0c9970360e66c9402afb3c0c68bcd50ef19c68daf63f94e40863",
    "https://deno.land/std@0.204.0/crypto/mod.ts": "ae384519e85eca9aeff4e7111ed153df8f3dbda7b35b70850ed4b3e9c8cec4d5",
    "https://deno.land/std@0.204.0/crypto/timing_safe_equal.ts": "f6edc08d702f660b1ab3505b74d53a9d499e34a1351f6ab70f5ce8653fee8fb7",
    "https://deno.land/std@0.204.0/crypto/to_hash_string.ts": "c78050f72a9d4a690d85e83a85a43c2951d23a04d5b2a4537b2ebc00854421be",
    "https://deno.land/std@0.204.0/crypto/unstable/keystack.ts": "624c2f2d8fa6711d44fcb8fbca346e7fb56afa7aa3fcf2d8e6db32978e9fbac2",
    "https://deno.land/std@0.204.0/encoding/_util.ts": "f368920189c4fe6592ab2e93bd7ded8f3065b84f95cd3e036a4a10a75649dcba",
    "https://deno.land/std@0.204.0/encoding/base64.ts": "cc03110d6518170aeaa68ec97f89c6d6e2276294b30807e7332591d7ce2e4b72",
    "https://deno.land/std@0.204.0/encoding/base64url.ts": "7608862858d28a003f9d6cb78dd61e645ecd1ae1f45faf0e09a306eafe66b16e",
    "https://deno.land/std@0.204.0/encoding/hex.ts": "d41e9c3f7dd9d4738c40c2b9e6db5eb32e9dc103360291aff63a5c3fccdb45a6",
    "https://esm.sh/@supabase/supabase-js@2.39.3": "4ed1d47e59ece02a718a16196b6e656ad4e3dde065dafc4551ffd70ee60fb886",
    "https://esm.sh/v135/@supabase/functions-js@2.1.5/denonext/functions-js.mjs": "739affd2df20c1affd91991c3731c2537d270b82be5cdbd926c43be40eb2fdc5",
    "https://esm.sh/v135/@supabase/functions-js@2.4.3/denonext/functions-js.mjs": "98b9108627bcbb255f1e1d2f8fdc321ca2596a476b76cb8f9109862f1b50ca8c",
    "https://esm.sh/v135/@supabase/gotrue-js@2.62.0/denonext/gotrue-js.mjs": "5de954b3e937e182013279ad6d2523650c55eca57a255be08cbb359f477bbd24",
    "https://esm.sh/v135/@supabase/gotrue-js@2.66.0/denonext/gotrue-js.mjs": "61bcbb2eaff9d3fb957fe6b113a16479ac5205e348d04f3c2efd8ff096fd63ca",
    "https://esm.sh/v135/@supabase/node-fetch@2.6.14/denonext/node-fetch.mjs": "23a71af3512da67a8757ab1e2356fa22565758444ea1fc08e0de0e8d4625e8aa",
    "https://esm.sh/v135/@supabase/node-fetch@2.6.15/denonext/node-fetch.mjs": "efad00ea3d4cbe1bee688836ef75339d49a1981bc5728a13e9ad5f26791d5efb",
    "https://esm.sh/v135/@supabase/postgrest-js@1.17.6/denonext/postgrest-js.mjs": "c5f25f5d5b1955cc5f27ac76f7102a3465c3615bacafa9279fc5623b7d51c5ae",
    "https://esm.sh/v135/@supabase/postgrest-js@1.9.1/denonext/postgrest-js.mjs": "a8ce9faf0988906ea03b3e8327b73ffe7ba31ca8155eb0efb8a3a0ef95572284",
    "https://esm.sh/v135/@supabase/realtime-js@2.10.7/denonext/realtime-js.mjs": "83480b9b485872eebdbd5cfaf36b87fc943021ccb15f72b55e3548c9c72d9a0e",
    "https://esm.sh/v135/@supabase/realtime-js@2.9.3/denonext/realtime-js.mjs": "22f025f3a7f744aad39f538fdac296095eb8ec33974c24dc7168571493c707ec",
    "https://esm.sh/v135/@supabase/storage-js@2.5.5/denonext/storage-js.mjs": "66e29e4e55c7d396503e2d1d9376cfbc34f046b962bce4524c2d80b209fff413",
    "https://esm.sh/v135/@supabase/storage-js@2.7.1/denonext/storage-js.mjs": "5ddd96a2213608015badb0778b4a446f641c843e017264978ab1e10f83b3cb21",
    "https://esm.sh/v135/@supabase/supabase-js@2.39.3/denonext/supabase-js.mjs": "589d6db1f92917dc9691f6c477d8817dd5eb914ad7cada6515f0d8992de4ebc0",
    "https://esm.sh/v135/bufferutil@4.0.8/denonext/bufferutil.mjs": "60a4618cbd1a5cb24935c55590b793d4ecb33862357d32e1d4614a0bbb90947f",
    "https://esm.sh/v135/node-gyp-build@4.6.1/denonext/node-gyp-build.mjs": "5d28b312f145a6cb2ec0dbdd80a7d34c0e0e6b5dcada65411d8bcff6c8991cc6",
    "https://esm.sh/v135/node-gyp-build@4.8.1/denonext/node-gyp-build.mjs": "cddfc39c5f2d6e228fb1cd8cc36a594d870470b01348f866a7fb4e6f3ed8c66d",
    "https://esm.sh/v135/utf-8-validate@6.0.3/denonext/utf-8-validate.mjs": "410c48d66840e987e474a4849cd25829817415cedd25466280effb1287d05aa5",
    "https://esm.sh/v135/utf-8-validate@6.0.4/denonext/utf-8-validate.mjs": "ab4990b545a45f10f7711c69046ee3e9c5b732b9781937f922cefd3fc99d0e88",
    "https://esm.sh/v135/ws@8.16.0/denonext/ws.mjs": "0fa0c00b69577ba36d0a36001329b2cec91498cb2e33e329fc76aa6d51a0d54d",
    "https://esm.sh/v135/ws@8.18.0/denonext/ws.mjs": "b4c6f51c7c4d60d2a880889c9b07e00aa367adf20a8304a365cc5e09051a5004"
  },
  "workspace": {
    "packageJson": {
      "dependencies": [
        "npm:@emotion/react@^11.13.3",
        "npm:@emotion/styled@^11.13.0",
        "npm:@next-auth/mongodb-adapter@^1.1.3",
        "npm:@radix-ui/react-alert-dialog@^1.1.1",
        "npm:@radix-ui/react-avatar@^1.1.0",
        "npm:@radix-ui/react-dialog@^1.1.1",
        "npm:@radix-ui/react-dropdown-menu@^2.1.1",
        "npm:@radix-ui/react-label@^2.1.0",
        "npm:@radix-ui/react-select@^2.1.2",
        "npm:@radix-ui/react-slot@^1.1.0",
        "npm:@radix-ui/react-tabs@^1.1.1",
        "npm:@radix-ui/react-tooltip@^1.1.4",
        "npm:@reduxjs/toolkit@^2.2.3",
        "npm:@supabase/ssr@~0.5.2",
        "npm:@supabase/supabase-js@^2.47.11",
        "npm:@tanstack/react-table@^8.20.5",
        "npm:@types/bcryptjs@^2.4.6",
        "npm:@types/node@20",
        "npm:@types/react-dom@18",
        "npm:@types/react@18",
        "npm:@types/recharts@^1.8.29",
        "npm:@upstash/redis@^1.34.3",
        "npm:autoprefixer@^10.0.1",
        "npm:axios@^1.6.8",
        "npm:bcryptjs@^2.4.3",
        "npm:class-variance-authority@0.7",
        "npm:clsx@^2.1.1",
        "npm:date-fns@^4.1.0",
        "npm:dotenv@^16.4.5",
        "npm:eslint-config-next@14.1.4",
        "npm:eslint@8",
        "npm:lucide-react@0.436",
        "npm:mongodb@^5.9.2",
        "npm:mongoose@^8.3.1",
        "npm:next-auth-sanity@^1.5.3",
        "npm:next-auth@^4.24.7",
        "npm:next@^14.2.22",
        "npm:openai@^4.77.3",
        "npm:postcss@8",
        "npm:react-dom@18",
        "npm:react-hot-toast@^2.4.1",
        "npm:react-icons@^5.0.1",
        "npm:react-loader-spinner@^6.1.6",
        "npm:react-redux@^9.1.1",
        "npm:react@18",
        "npm:recharts@^2.13.3",
        "npm:saas@1",
        "npm:sass@^1.74.1",
        "npm:sharp@~0.33.5",
        "npm:styled-components@^6.1.8",
        "npm:swr@^2.2.5",
        "npm:tailwind-merge@^2.5.2",
        "npm:tailwindcss-animate@^1.0.7",
        "npm:tailwindcss@^3.4.3",
        "npm:typescript@5"
      ]
    }
  }
}
